
Microsoft Visual Studio Solution File, Format Version 12.00
# Visual Studio 15
VisualStudioVersion = 15.0.27004.2009
MinimumVisualStudioVersion = 10.0.40219.1
Project("{FAE04EC0-301F-11D3-BF4B-00C04F79EFBC}") = "Gangplank", "Gangplank\Gangplank.csproj", "{F0DC17FC-2762-4236-AE9C-23BA5F5ACBCE}"
EndProject
Global
	GlobalSection(SolutionConfigurationPlatforms) = preSolution
		Debug|Any CPU = Debug|Any CPU
		Release|Any CPU = Release|Any CPU
	EndGlobalSection
	GlobalSection(ProjectConfigurationPlatforms) = postSolution
		{F0DC17FC-2762-4236-AE9C-23BA5F5ACBCE}.Debug|Any CPU.ActiveCfg = Debug|Any CPU
		{F0DC17FC-2762-4236-AE9C-23BA5F5ACBCE}.Debug|Any CPU.Build.0 = Debug|Any CPU
		{F0DC17FC-2762-4236-AE9C-23BA5F5ACBCE}.Release|Any CPU.ActiveCfg = Release|Any CPU
		{F0DC17FC-2762-4236-AE9C-23BA5F5ACBCE}.Release|Any CPU.Build.0 = Release|Any CPU
	EndGlobalSection
	GlobalSection(SolutionProperties) = preSolution
		HideSolutionNode = FALSE
	EndGlobalSection
	GlobalSection(ExtensibilityGlobals) = postSolution
		SolutionGuid = {A42E0AAC-1B42-4DA3-A1CC-0005735C22E7}
	EndGlobalSection
EndGlobal
