
Microsoft Visual Studio Solution File, Format Version 12.00
# Visual Studio 15
VisualStudioVersion = 15.0.26730.15
MinimumVisualStudioVersion = 10.0.40219.1
Project("{FAE04EC0-301F-11D3-BF4B-00C04F79EFBC}") = "Mordekaiser", "Mordekaiser\Mordekaiser.csproj", "{7D717C84-C3D1-4982-9094-638A6C10EAB2}"
EndProject
Global
	GlobalSection(SolutionConfigurationPlatforms) = preSolution
		Debug|Any CPU = Debug|Any CPU
		Release|Any CPU = Release|Any CPU
	EndGlobalSection
	GlobalSection(ProjectConfigurationPlatforms) = postSolution
		{7D717C84-C3D1-4982-9094-638A6C10EAB2}.Debug|Any CPU.ActiveCfg = Debug|Any CPU
		{7D717C84-C3D1-4982-9094-638A6C10EAB2}.Debug|Any CPU.Build.0 = Debug|Any CPU
		{7D717C84-C3D1-4982-9094-638A6C10EAB2}.Release|Any CPU.ActiveCfg = Release|Any CPU
		{7D717C84-C3D1-4982-9094-638A6C10EAB2}.Release|Any CPU.Build.0 = Release|Any CPU
	EndGlobalSection
	GlobalSection(SolutionProperties) = preSolution
		HideSolutionNode = FALSE
	EndGlobalSection
	GlobalSection(ExtensibilityGlobals) = postSolution
		SolutionGuid = {E65B071D-62C7-41B3-9E0D-6BE375049E70}
	EndGlobalSection
EndGlobal
